PODS:
  - Floaty (4.2.0)
  - FSPagerView (0.8.3)

DEPENDENCIES:
  - Floaty (~> 4.2.0)
  - FSPagerView

SPEC CHECKSUMS:
  Floaty: e2bd5a0f6f7f70899e26ff2da31081c8bee8d1b0
  FSPagerView: 670405b2f18e2a87fa37f20b00de783e562c25a8

PODFILE CHECKSUM: a6deea0590368a97c127ff70e9c51876d2798e93

COCOAPODS: 1.4.0
