// !$*UTF8*$!
{
	archiveVersion = 1;
	classes = {
	};
	objectVersion = 77;
	objects = {

/* Begin PBXBuildFile section */
		EA1757422D9A83D30071FE7C /* Pods_Animori.framework in Frameworks */ = {isa = PBXBuildFile; fileRef = 17B662409F57C97A942D0B04 /* Pods_Animori.framework */; };
		EA1757432D9A83D30071FE7C /* Pods_Animori.framework in Embed Frameworks */ = {isa = PBXBuildFile; fileRef = 17B662409F57C97A942D0B04 /* Pods_Animori.framework */; settings = {ATTRIBUTES = (CodeSignOnCopy, RemoveHeadersOnCopy, ); }; };
		EA1757452D9A83D50071FE7C /* RealmSwift in Embed Frameworks */ = {isa = PBXBuildFile; productRef = EAF70C962D95637B00ED7696 /* RealmSwift */; settings = {ATTRIBUTES = (CodeSignOnCopy, ); }; };
		EA7521292D983F56006C1DCC /* RxDataSources in Frameworks */ = {isa = PBXBuildFile; productRef = EA7521282D983F56006C1DCC /* RxDataSources */; };
		EAB5F7AD2D981352000D1B38 /* Localizable.xcstrings in Resources */ = {isa = PBXBuildFile; fileRef = EAB5F7AC2D981352000D1B38 /* Localizable.xcstrings */; };
		EAF70B742D95388400ED7696 /* .gitignore in Resources */ = {isa = PBXBuildFile; fileRef = EAF70B732D95388400ED7696 /* .gitignore */; };
		EAF70BA72D95628C00ED7696 /* SnapKit in Frameworks */ = {isa = PBXBuildFile; productRef = EAF70BA62D95628C00ED7696 /* SnapKit */; };
		EAF70BAD2D9562B600ED7696 /* RxCocoa in Frameworks */ = {isa = PBXBuildFile; productRef = EAF70BAC2D9562B600ED7696 /* RxCocoa */; };
		EAF70BAF2D9562B600ED7696 /* RxSwift in Frameworks */ = {isa = PBXBuildFile; productRef = EAF70BAE2D9562B600ED7696 /* RxSwift */; };
		EAF70BB22D9562BF00ED7696 /* RxFlow in Frameworks */ = {isa = PBXBuildFile; productRef = EAF70BB12D9562BF00ED7696 /* RxFlow */; };
		EAF70BB52D9562DC00ED7696 /* ReactorKit in Frameworks */ = {isa = PBXBuildFile; productRef = EAF70BB42D9562DC00ED7696 /* ReactorKit */; };
		EAF70C972D95637B00ED7696 /* RealmSwift in Frameworks */ = {isa = PBXBuildFile; productRef = EAF70C962D95637B00ED7696 /* RealmSwift */; };
		EAF70C9A2D9563AF00ED7696 /* SkeletonView in Frameworks */ = {isa = PBXBuildFile; productRef = EAF70C992D9563AF00ED7696 /* SkeletonView */; };
		EAF70C9D2D9563C600ED7696 /* Toast in Frameworks */ = {isa = PBXBuildFile; productRef = EAF70C9C2D9563C600ED7696 /* Toast */; };
		EAFD19F12D9A7ABA0021FF61 /* Secret.xcconfig in Resources */ = {isa = PBXBuildFile; fileRef = EAFD19F02D9A7ABA0021FF61 /* Secret.xcconfig */; };
		EAFD19F32D9A7AC80021FF61 /* Debug.xcconfig in Resources */ = {isa = PBXBuildFile; fileRef = EAFD19F22D9A7AC80021FF61 /* Debug.xcconfig */; };
		EAFD19F52D9A7AD60021FF61 /* Release.xcconfig in Resources */ = {isa = PBXBuildFile; fileRef = EAFD19F42D9A7AD60021FF61 /* Release.xcconfig */; };
/* End PBXBuildFile section */

/* Begin PBXCopyFilesBuildPhase section */
		EA1757442D9A83D30071FE7C /* Embed Frameworks */ = {
			isa = PBXCopyFilesBuildPhase;
			buildActionMask = 2147483647;
			dstPath = "";
			dstSubfolderSpec = 10;
			files = (
				EA1757452D9A83D50071FE7C /* RealmSwift in Embed Frameworks */,
				EA1757432D9A83D30071FE7C /* Pods_Animori.framework in Embed Frameworks */,
			);
			name = "Embed Frameworks";
			runOnlyForDeploymentPostprocessing = 0;
		};
/* End PBXCopyFilesBuildPhase section */

/* Begin PBXFileReference section */
		17B662409F57C97A942D0B04 /* Pods_Animori.framework */ = {isa = PBXFileReference; explicitFileType = wrapper.framework; includeInIndex = 0; path = Pods_Animori.framework; sourceTree = BUILT_PRODUCTS_DIR; };
		1E2C75104FD3AC4FB0B9C810 /* Pods-Animori.release.xcconfig */ = {isa = PBXFileReference; includeInIndex = 1; lastKnownFileType = text.xcconfig; name = "Pods-Animori.release.xcconfig"; path = "Pods/Target Support Files/Pods-Animori/Pods-Animori.release.xcconfig"; sourceTree = "<group>"; };
		816F3E1C243D7A470109C4D3 /* Pods-Animori.debug.xcconfig */ = {isa = PBXFileReference; includeInIndex = 1; lastKnownFileType = text.xcconfig; name = "Pods-Animori.debug.xcconfig"; path = "Pods/Target Support Files/Pods-Animori/Pods-Animori.debug.xcconfig"; sourceTree = "<group>"; };
		EAB5F7AC2D981352000D1B38 /* Localizable.xcstrings */ = {isa = PBXFileReference; lastKnownFileType = text.json.xcstrings; path = Localizable.xcstrings; sourceTree = "<group>"; };
		EAF70B4B2D9537CB00ED7696 /* Animori.app */ = {isa = PBXFileReference; explicitFileType = wrapper.application; includeInIndex = 0; path = Animori.app; sourceTree = BUILT_PRODUCTS_DIR; };
		EAF70B732D95388400ED7696 /* .gitignore */ = {isa = PBXFileReference; lastKnownFileType = text; path = .gitignore; sourceTree = "<group>"; };
		EAFD19F02D9A7ABA0021FF61 /* Secret.xcconfig */ = {isa = PBXFileReference; lastKnownFileType = text.xcconfig; path = Secret.xcconfig; sourceTree = "<group>"; };
		EAFD19F22D9A7AC80021FF61 /* Debug.xcconfig */ = {isa = PBXFileReference; lastKnownFileType = text.xcconfig; path = Debug.xcconfig; sourceTree = "<group>"; };
		EAFD19F42D9A7AD60021FF61 /* Release.xcconfig */ = {isa = PBXFileReference; lastKnownFileType = text.xcconfig; path = Release.xcconfig; sourceTree = "<group>"; };
/* End PBXFileReference section */

/* Begin PBXFileSystemSynchronizedBuildFileExceptionSet section */
		EAF70B5D2D9537CC00ED7696 /* Exceptions for "Animori" folder in "Animori" target */ = {
			isa = PBXFileSystemSynchronizedBuildFileExceptionSet;
			membershipExceptions = (
				Info.plist,
			);
			target = EAF70B4A2D9537CB00ED7696 /* Animori */;
		};
/* End PBXFileSystemSynchronizedBuildFileExceptionSet section */

/* Begin PBXFileSystemSynchronizedRootGroup section */
		EAF70B4D2D9537CB00ED7696 /* Animori */ = {
			isa = PBXFileSystemSynchronizedRootGroup;
			exceptions = (
				EAF70B5D2D9537CC00ED7696 /* Exceptions for "Animori" folder in "Animori" target */,
			);
			path = Animori;
			sourceTree = "<group>";
		};
/* End PBXFileSystemSynchronizedRootGroup section */

/* Begin PBXFrameworksBuildPhase section */
		EAF70B482D9537CB00ED7696 /* Frameworks */ = {
			isa = PBXFrameworksBuildPhase;
			buildActionMask = 2147483647;
			files = (
				EAF70C972D95637B00ED7696 /* RealmSwift in Frameworks */,
				EAF70BB22D9562BF00ED7696 /* RxFlow in Frameworks */,
				EAF70BB52D9562DC00ED7696 /* ReactorKit in Frameworks */,
				EA7521292D983F56006C1DCC /* RxDataSources in Frameworks */,
				EAF70BAF2D9562B600ED7696 /* RxSwift in Frameworks */,
				EAF70BAD2D9562B600ED7696 /* RxCocoa in Frameworks */,
				EA1757422D9A83D30071FE7C /* Pods_Animori.framework in Frameworks */,
				EAF70C9A2D9563AF00ED7696 /* SkeletonView in Frameworks */,
				EAF70C9D2D9563C600ED7696 /* Toast in Frameworks */,
				EAF70BA72D95628C00ED7696 /* SnapKit in Frameworks */,
			);
			runOnlyForDeploymentPostprocessing = 0;
		};
/* End PBXFrameworksBuildPhase section */

/* Begin PBXGroup section */
		57488E5ABF22B67F30A00563 /* Pods */ = {
			isa = PBXGroup;
			children = (
				816F3E1C243D7A470109C4D3 /* Pods-Animori.debug.xcconfig */,
				1E2C75104FD3AC4FB0B9C810 /* Pods-Animori.release.xcconfig */,
			);
			name = Pods;
			sourceTree = "<group>";
		};
		ABCDD886DECDAE2C944E8331 /* Frameworks */ = {
			isa = PBXGroup;
			children = (
				17B662409F57C97A942D0B04 /* Pods_Animori.framework */,
			);
			name = Frameworks;
			sourceTree = "<group>";
		};
		EAF70B422D9537CB00ED7696 = {
			isa = PBXGroup;
			children = (
				EAFD19F42D9A7AD60021FF61 /* Release.xcconfig */,
				EAFD19F22D9A7AC80021FF61 /* Debug.xcconfig */,
				EAFD19F02D9A7ABA0021FF61 /* Secret.xcconfig */,
				EAB5F7AC2D981352000D1B38 /* Localizable.xcstrings */,
				EAF70B732D95388400ED7696 /* .gitignore */,
				EAF70B4D2D9537CB00ED7696 /* Animori */,
				EAF70B4C2D9537CB00ED7696 /* Products */,
				57488E5ABF22B67F30A00563 /* Pods */,
				ABCDD886DECDAE2C944E8331 /* Frameworks */,
			);
			sourceTree = "<group>";
		};
		EAF70B4C2D9537CB00ED7696 /* Products */ = {
			isa = PBXGroup;
			children = (
				EAF70B4B2D9537CB00ED7696 /* Animori.app */,
			);
			name = Products;
			sourceTree = "<group>";
		};
/* End PBXGroup section */

/* Begin PBXNativeTarget section */
		EAF70B4A2D9537CB00ED7696 /* Animori */ = {
			isa = PBXNativeTarget;
			buildConfigurationList = EAF70B5E2D9537CC00ED7696 /* Build configuration list for PBXNativeTarget "Animori" */;
			buildPhases = (
				51DCC3FB8743F6676A8CFEB9 /* [CP] Check Pods Manifest.lock */,
				EAF70B472D9537CB00ED7696 /* Sources */,
				EAF70B482D9537CB00ED7696 /* Frameworks */,
				EAF70B492D9537CB00ED7696 /* Resources */,
				20D0F2109BF85C0D601BD272 /* [CP] Embed Pods Frameworks */,
				6E422919BEF2134D9596923A /* [CP] Copy Pods Resources */,
				EA1757442D9A83D30071FE7C /* Embed Frameworks */,
			);
			buildRules = (
			);
			dependencies = (
			);
			fileSystemSynchronizedGroups = (
				EAF70B4D2D9537CB00ED7696 /* Animori */,
			);
			name = Animori;
			productName = Animori;
			productReference = EAF70B4B2D9537CB00ED7696 /* Animori.app */;
			productType = "com.apple.product-type.application";
		};
/* End PBXNativeTarget section */

/* Begin PBXProject section */
		EAF70B432D9537CB00ED7696 /* Project object */ = {
			isa = PBXProject;
			attributes = {
				BuildIndependentTargetsInParallel = 1;
				LastSwiftUpdateCheck = 1620;
				LastUpgradeCheck = 1620;
				TargetAttributes = {
					EAF70B4A2D9537CB00ED7696 = {
						CreatedOnToolsVersion = 16.2;
					};
				};
			};
			buildConfigurationList = EAF70B462D9537CB00ED7696 /* Build configuration list for PBXProject "Animori" */;
			developmentRegion = en;
			hasScannedForEncodings = 0;
			knownRegions = (
				en,
				Base,
				ko,
				ja,
			);
			mainGroup = EAF70B422D9537CB00ED7696;
			minimizedProjectReferenceProxies = 1;
			packageReferences = (
				EAF70BA52D95628C00ED7696 /* XCRemoteSwiftPackageReference "SnapKit" */,
				EAF70BAB2D9562B600ED7696 /* XCRemoteSwiftPackageReference "RxSwift" */,
				EAF70BB02D9562BF00ED7696 /* XCRemoteSwiftPackageReference "RxFlow" */,
				EAF70BB32D9562DC00ED7696 /* XCRemoteSwiftPackageReference "ReactorKit" */,
				EAF70C952D95637A00ED7696 /* XCRemoteSwiftPackageReference "realm-swift" */,
				EAF70C982D9563AF00ED7696 /* XCRemoteSwiftPackageReference "SkeletonView" */,
				EAF70C9B2D9563C600ED7696 /* XCRemoteSwiftPackageReference "Toast-Swift" */,
				EA7521272D983F56006C1DCC /* XCRemoteSwiftPackageReference "RxDataSources" */,
			);
			preferredProjectObjectVersion = 77;
			productRefGroup = EAF70B4C2D9537CB00ED7696 /* Products */;
			projectDirPath = "";
			projectRoot = "";
			targets = (
				EAF70B4A2D9537CB00ED7696 /* Animori */,
			);
		};
/* End PBXProject section */

/* Begin PBXResourcesBuildPhase section */
		EAF70B492D9537CB00ED7696 /* Resources */ = {
			isa = PBXResourcesBuildPhase;
			buildActionMask = 2147483647;
			files = (
				EAFD19F52D9A7AD60021FF61 /* Release.xcconfig in Resources */,
				EAFD19F12D9A7ABA0021FF61 /* Secret.xcconfig in Resources */,
				EAFD19F32D9A7AC80021FF61 /* Debug.xcconfig in Resources */,
				EAF70B742D95388400ED7696 /* .gitignore in Resources */,
				EAB5F7AD2D981352000D1B38 /* Localizable.xcstrings in Resources */,
			);
			runOnlyForDeploymentPostprocessing = 0;
		};
/* End PBXResourcesBuildPhase section */

/* Begin PBXShellScriptBuildPhase section */
		20D0F2109BF85C0D601BD272 /* [CP] Embed Pods Frameworks */ = {
			isa = PBXShellScriptBuildPhase;
			buildActionMask = 2147483647;
			files = (
			);
			inputFileListPaths = (
			);
			inputPaths = (
				"${SRCROOT}/Pods/Target Support Files/Pods-Animori/Pods-Animori-frameworks.sh",
				"${BUILT_PRODUCTS_DIR}/FSPagerView/FSPagerView.framework",
			);
			name = "[CP] Embed Pods Frameworks";
			outputFileListPaths = (
			);
			outputPaths = (
				"${TARGET_BUILD_DIR}/${FRAMEWORKS_FOLDER_PATH}/FSPagerView.framework",
			);
			runOnlyForDeploymentPostprocessing = 0;
			shellPath = /bin/sh;
			shellScript = "\"${SRCROOT}/Pods/Target Support Files/Pods-Animori/Pods-Animori-frameworks.sh\"\n";
			showEnvVarsInLog = 0;
		};
		51DCC3FB8743F6676A8CFEB9 /* [CP] Check Pods Manifest.lock */ = {
			isa = PBXShellScriptBuildPhase;
			buildActionMask = 2147483647;
			files = (
			);
			inputFileListPaths = (
			);
			inputPaths = (
				"${PODS_PODFILE_DIR_PATH}/Podfile.lock",
				"${PODS_ROOT}/Manifest.lock",
			);
			name = "[CP] Check Pods Manifest.lock";
			outputFileListPaths = (
			);
			outputPaths = (
				"$(DERIVED_FILE_DIR)/Pods-Animori-checkManifestLockResult.txt",
			);
			runOnlyForDeploymentPostprocessing = 0;
			shellPath = /bin/sh;
			shellScript = "diff \"${PODS_PODFILE_DIR_PATH}/Podfile.lock\" \"${PODS_ROOT}/Manifest.lock\" > /dev/null\nif [ $? != 0 ] ; then\n    # print error to STDERR\n    echo \"error: The sandbox is not in sync with the Podfile.lock. Run 'pod install' or update your CocoaPods installation.\" >&2\n    exit 1\nfi\n# This output is used by Xcode 'outputs' to avoid re-running this script phase.\necho \"SUCCESS\" > \"${SCRIPT_OUTPUT_FILE_0}\"\n";
			showEnvVarsInLog = 0;
		};
		6E422919BEF2134D9596923A /* [CP] Copy Pods Resources */ = {
			isa = PBXShellScriptBuildPhase;
			buildActionMask = 2147483647;
			files = (
			);
			inputFileListPaths = (
			);
			inputPaths = (
			);
			name = "[CP] Copy Pods Resources";
			outputFileListPaths = (
			);
			outputPaths = (
			);
			runOnlyForDeploymentPostprocessing = 0;
			shellPath = /bin/sh;
			shellScript = "\"${SRCROOT}/Pods/Target Support Files/Pods-Animori/Pods-Animori-resources.sh\"\n";
			showEnvVarsInLog = 0;
		};
/* End PBXShellScriptBuildPhase section */

/* Begin PBXSourcesBuildPhase section */
		EAF70B472D9537CB00ED7696 /* Sources */ = {
			isa = PBXSourcesBuildPhase;
			buildActionMask = 2147483647;
			files = (
			);
			runOnlyForDeploymentPostprocessing = 0;
		};
/* End PBXSourcesBuildPhase section */

/* Begin XCBuildConfiguration section */
		EAF70B5F2D9537CC00ED7696 /* Debug */ = {
			isa = XCBuildConfiguration;
			baseConfigurationReference = EAFD19F22D9A7AC80021FF61 /* Debug.xcconfig */;
			buildSettings = {
				ASSETCATALOG_COMPILER_APPICON_NAME = AppIcon;
				ASSETCATALOG_COMPILER_GLOBAL_ACCENT_COLOR_NAME = AccentColor;
				CODE_SIGN_STYLE = Automatic;
				CURRENT_PROJECT_VERSION = 1;
				DEVELOPMENT_TEAM = 5S7XHWYU87;
				GENERATE_INFOPLIST_FILE = YES;
				INFOPLIST_FILE = Animori/Info.plist;
				INFOPLIST_KEY_UIApplicationSupportsIndirectInputEvents = YES;
				INFOPLIST_KEY_UILaunchStoryboardName = LaunchScreen;
				INFOPLIST_KEY_UISupportedInterfaceOrientations = UIInterfaceOrientationPortrait;
				INFOPLIST_KEY_UISupportedInterfaceOrientations_iPad = "UIInterfaceOrientationLandscapeLeft UIInterfaceOrientationLandscapeRight UIInterfaceOrientationPortrait UIInterfaceOrientationPortraitUpsideDown";
				INFOPLIST_KEY_UIUserInterfaceStyle = Light;
				IPHONEOS_DEPLOYMENT_TARGET = 17.4;
				LD_RUNPATH_SEARCH_PATHS = (
					"$(inherited)",
					"@executable_path/Frameworks",
				);
				MARKETING_VERSION = 1.0;
				PRODUCT_BUNDLE_IDENTIFIER = com.beani.Animori;
				PRODUCT_NAME = "$(TARGET_NAME)";
				SUPPORTED_PLATFORMS = "iphoneos iphonesimulator";
				SUPPORTS_MACCATALYST = NO;
				SUPPORTS_MAC_DESIGNED_FOR_IPHONE_IPAD = NO;
				SUPPORTS_XR_DESIGNED_FOR_IPHONE_IPAD = NO;
				SWIFT_EMIT_LOC_STRINGS = YES;
				SWIFT_VERSION = 5.0;
				TARGETED_DEVICE_FAMILY = 1;
			};
			name = Debug;
		};
		EAF70B602D9537CC00ED7696 /* Release */ = {
			isa = XCBuildConfiguration;
			baseConfigurationReference = EAFD19F42D9A7AD60021FF61 /* Release.xcconfig */;
			buildSettings = {
				ASSETCATALOG_COMPILER_APPICON_NAME = AppIcon;
				ASSETCATALOG_COMPILER_GLOBAL_ACCENT_COLOR_NAME = AccentColor;
				CODE_SIGN_STYLE = Automatic;
				CURRENT_PROJECT_VERSION = 1;
				DEVELOPMENT_TEAM = 5S7XHWYU87;
				GENERATE_INFOPLIST_FILE = YES;
				INFOPLIST_FILE = Animori/Info.plist;
				INFOPLIST_KEY_UIApplicationSupportsIndirectInputEvents = YES;
				INFOPLIST_KEY_UILaunchStoryboardName = LaunchScreen;
				INFOPLIST_KEY_UISupportedInterfaceOrientations = UIInterfaceOrientationPortrait;
				INFOPLIST_KEY_UISupportedInterfaceOrientations_iPad = "UIInterfaceOrientationLandscapeLeft UIInterfaceOrientationLandscapeRight UIInterfaceOrientationPortrait UIInterfaceOrientationPortraitUpsideDown";
				INFOPLIST_KEY_UIUserInterfaceStyle = Light;
				IPHONEOS_DEPLOYMENT_TARGET = 17.4;
				LD_RUNPATH_SEARCH_PATHS = (
					"$(inherited)",
					"@executable_path/Frameworks",
				);
				MARKETING_VERSION = 1.0;
				PRODUCT_BUNDLE_IDENTIFIER = com.beani.Animori;
				PRODUCT_NAME = "$(TARGET_NAME)";
				SUPPORTED_PLATFORMS = "iphoneos iphonesimulator";
				SUPPORTS_MACCATALYST = NO;
				SUPPORTS_MAC_DESIGNED_FOR_IPHONE_IPAD = NO;
				SUPPORTS_XR_DESIGNED_FOR_IPHONE_IPAD = NO;
				SWIFT_EMIT_LOC_STRINGS = YES;
				SWIFT_VERSION = 5.0;
				TARGETED_DEVICE_FAMILY = 1;
			};
			name = Release;
		};
		EAF70B612D9537CC00ED7696 /* Debug */ = {
			isa = XCBuildConfiguration;
			buildSettings = {
				ALWAYS_SEARCH_USER_PATHS = NO;
				ASSETCATALOG_COMPILER_GENERATE_SWIFT_ASSET_SYMBOL_EXTENSIONS = YES;
				CLANG_ANALYZER_LOCALIZABILITY_NONLOCALIZED = YES;
				CLANG_ANALYZER_NONNULL = YES;
				CLANG_ANALYZER_NUMBER_OBJECT_CONVERSION = YES_AGGRESSIVE;
				CLANG_CXX_LANGUAGE_STANDARD = "gnu++20";
				CLANG_ENABLE_MODULES = YES;
				CLANG_ENABLE_OBJC_ARC = YES;
				CLANG_ENABLE_OBJC_WEAK = YES;
				CLANG_WARN_BLOCK_CAPTURE_AUTORELEASING = YES;
				CLANG_WARN_BOOL_CONVERSION = YES;
				CLANG_WARN_COMMA = YES;
				CLANG_WARN_CONSTANT_CONVERSION = YES;
				CLANG_WARN_DEPRECATED_OBJC_IMPLEMENTATIONS = YES;
				CLANG_WARN_DIRECT_OBJC_ISA_USAGE = YES_ERROR;
				CLANG_WARN_DOCUMENTATION_COMMENTS = YES;
				CLANG_WARN_EMPTY_BODY = YES;
				CLANG_WARN_ENUM_CONVERSION = YES;
				CLANG_WARN_INFINITE_RECURSION = YES;
				CLANG_WARN_INT_CONVERSION = YES;
				CLANG_WARN_NON_LITERAL_NULL_CONVERSION = YES;
				CLANG_WARN_OBJC_IMPLICIT_RETAIN_SELF = YES;
				CLANG_WARN_OBJC_LITERAL_CONVERSION = YES;
				CLANG_WARN_OBJC_ROOT_CLASS = YES_ERROR;
				CLANG_WARN_QUOTED_INCLUDE_IN_FRAMEWORK_HEADER = YES;
				CLANG_WARN_RANGE_LOOP_ANALYSIS = YES;
				CLANG_WARN_STRICT_PROTOTYPES = YES;
				CLANG_WARN_SUSPICIOUS_MOVE = YES;
				CLANG_WARN_UNGUARDED_AVAILABILITY = YES_AGGRESSIVE;
				CLANG_WARN_UNREACHABLE_CODE = YES;
				CLANG_WARN__DUPLICATE_METHOD_MATCH = YES;
				COPY_PHASE_STRIP = NO;
				DEBUG_INFORMATION_FORMAT = dwarf;
				ENABLE_STRICT_OBJC_MSGSEND = YES;
				ENABLE_TESTABILITY = YES;
				ENABLE_USER_SCRIPT_SANDBOXING = NO;
				GCC_C_LANGUAGE_STANDARD = gnu17;
				GCC_DYNAMIC_NO_PIC = NO;
				GCC_NO_COMMON_BLOCKS = YES;
				GCC_OPTIMIZATION_LEVEL = 0;
				GCC_PREPROCESSOR_DEFINITIONS = (
					"DEBUG=1",
					"$(inherited)",
				);
				GCC_WARN_64_TO_32_BIT_CONVERSION = YES;
				GCC_WARN_ABOUT_RETURN_TYPE = YES_ERROR;
				GCC_WARN_UNDECLARED_SELECTOR = YES;
				GCC_WARN_UNINITIALIZED_AUTOS = YES_AGGRESSIVE;
				GCC_WARN_UNUSED_FUNCTION = YES;
				GCC_WARN_UNUSED_VARIABLE = YES;
				IPHONEOS_DEPLOYMENT_TARGET = 18.2;
				LOCALIZATION_PREFERS_STRING_CATALOGS = YES;
				MTL_ENABLE_DEBUG_INFO = INCLUDE_SOURCE;
				MTL_FAST_MATH = YES;
				ONLY_ACTIVE_ARCH = YES;
				SDKROOT = iphoneos;
				SWIFT_ACTIVE_COMPILATION_CONDITIONS = "DEBUG $(inherited)";
				SWIFT_EMIT_LOC_STRINGS = YES;
				SWIFT_OPTIMIZATION_LEVEL = "-Onone";
			};
			name = Debug;
		};
		EAF70B622D9537CC00ED7696 /* Release */ = {
			isa = XCBuildConfiguration;
			buildSettings = {
				ALWAYS_SEARCH_USER_PATHS = NO;
				ASSETCATALOG_COMPILER_GENERATE_SWIFT_ASSET_SYMBOL_EXTENSIONS = YES;
				CLANG_ANALYZER_LOCALIZABILITY_NONLOCALIZED = YES;
				CLANG_ANALYZER_NONNULL = YES;
				CLANG_ANALYZER_NUMBER_OBJECT_CONVERSION = YES_AGGRESSIVE;
				CLANG_CXX_LANGUAGE_STANDARD = "gnu++20";
				CLANG_ENABLE_MODULES = YES;
				CLANG_ENABLE_OBJC_ARC = YES;
				CLANG_ENABLE_OBJC_WEAK = YES;
				CLANG_WARN_BLOCK_CAPTURE_AUTORELEASING = YES;
				CLANG_WARN_BOOL_CONVERSION = YES;
				CLANG_WARN_COMMA = YES;
				CLANG_WARN_CONSTANT_CONVERSION = YES;
				CLANG_WARN_DEPRECATED_OBJC_IMPLEMENTATIONS = YES;
				CLANG_WARN_DIRECT_OBJC_ISA_USAGE = YES_ERROR;
				CLANG_WARN_DOCUMENTATION_COMMENTS = YES;
				CLANG_WARN_EMPTY_BODY = YES;
				CLANG_WARN_ENUM_CONVERSION = YES;
				CLANG_WARN_INFINITE_RECURSION = YES;
				CLANG_WARN_INT_CONVERSION = YES;
				CLANG_WARN_NON_LITERAL_NULL_CONVERSION = YES;
				CLANG_WARN_OBJC_IMPLICIT_RETAIN_SELF = YES;
				CLANG_WARN_OBJC_LITERAL_CONVERSION = YES;
				CLANG_WARN_OBJC_ROOT_CLASS = YES_ERROR;
				CLANG_WARN_QUOTED_INCLUDE_IN_FRAMEWORK_HEADER = YES;
				CLANG_WARN_RANGE_LOOP_ANALYSIS = YES;
				CLANG_WARN_STRICT_PROTOTYPES = YES;
				CLANG_WARN_SUSPICIOUS_MOVE = YES;
				CLANG_WARN_UNGUARDED_AVAILABILITY = YES_AGGRESSIVE;
				CLANG_WARN_UNREACHABLE_CODE = YES;
				CLANG_WARN__DUPLICATE_METHOD_MATCH = YES;
				COPY_PHASE_STRIP = NO;
				DEBUG_INFORMATION_FORMAT = "dwarf-with-dsym";
				ENABLE_NS_ASSERTIONS = NO;
				ENABLE_STRICT_OBJC_MSGSEND = YES;
				ENABLE_USER_SCRIPT_SANDBOXING = NO;
				GCC_C_LANGUAGE_STANDARD = gnu17;
				GCC_NO_COMMON_BLOCKS = YES;
				GCC_WARN_64_TO_32_BIT_CONVERSION = YES;
				GCC_WARN_ABOUT_RETURN_TYPE = YES_ERROR;
				GCC_WARN_UNDECLARED_SELECTOR = YES;
				GCC_WARN_UNINITIALIZED_AUTOS = YES_AGGRESSIVE;
				GCC_WARN_UNUSED_FUNCTION = YES;
				GCC_WARN_UNUSED_VARIABLE = YES;
				IPHONEOS_DEPLOYMENT_TARGET = 18.2;
				LOCALIZATION_PREFERS_STRING_CATALOGS = YES;
				MTL_ENABLE_DEBUG_INFO = NO;
				MTL_FAST_MATH = YES;
				SDKROOT = iphoneos;
				SWIFT_COMPILATION_MODE = wholemodule;
				SWIFT_EMIT_LOC_STRINGS = YES;
				VALIDATE_PRODUCT = YES;
			};
			name = Release;
		};
/* End XCBuildConfiguration section */

/* Begin XCConfigurationList section */
		EAF70B462D9537CB00ED7696 /* Build configuration list for PBXProject "Animori" */ = {
			isa = XCConfigurationList;
			buildConfigurations = (
				EAF70B612D9537CC00ED7696 /* Debug */,
				EAF70B622D9537CC00ED7696 /* Release */,
			);
			defaultConfigurationIsVisible = 0;
			defaultConfigurationName = Release;
		};
		EAF70B5E2D9537CC00ED7696 /* Build configuration list for PBXNativeTarget "Animori" */ = {
			isa = XCConfigurationList;
			buildConfigurations = (
				EAF70B5F2D9537CC00ED7696 /* Debug */,
				EAF70B602D9537CC00ED7696 /* Release */,
			);
			defaultConfigurationIsVisible = 0;
			defaultConfigurationName = Release;
		};
/* End XCConfigurationList section */

/* Begin XCRemoteSwiftPackageReference section */
		EA7521272D983F56006C1DCC /* XCRemoteSwiftPackageReference "RxDataSources" */ = {
			isa = XCRemoteSwiftPackageReference;
			repositoryURL = "https://github.com/RxSwiftCommunity/RxDataSources.git";
			requirement = {
				kind = upToNextMajorVersion;
				minimumVersion = 5.0.2;
			};
		};
		EAF70BA52D95628C00ED7696 /* XCRemoteSwiftPackageReference "SnapKit" */ = {
			isa = XCRemoteSwiftPackageReference;
			repositoryURL = "https://github.com/SnapKit/SnapKit.git";
			requirement = {
				kind = upToNextMajorVersion;
				minimumVersion = 5.7.1;
			};
		};
		EAF70BAB2D9562B600ED7696 /* XCRemoteSwiftPackageReference "RxSwift" */ = {
			isa = XCRemoteSwiftPackageReference;
			repositoryURL = "https://github.com/ReactiveX/RxSwift.git";
			requirement = {
				kind = upToNextMajorVersion;
				minimumVersion = 6.9.0;
			};
		};
		EAF70BB02D9562BF00ED7696 /* XCRemoteSwiftPackageReference "RxFlow" */ = {
			isa = XCRemoteSwiftPackageReference;
			repositoryURL = "https://github.com/RxSwiftCommunity/RxFlow.git";
			requirement = {
				kind = upToNextMajorVersion;
				minimumVersion = 2.13.1;
			};
		};
		EAF70BB32D9562DC00ED7696 /* XCRemoteSwiftPackageReference "ReactorKit" */ = {
			isa = XCRemoteSwiftPackageReference;
			repositoryURL = "https://github.com/ReactorKit/ReactorKit.git";
			requirement = {
				kind = upToNextMajorVersion;
				minimumVersion = 3.2.0;
			};
		};
		EAF70C952D95637A00ED7696 /* XCRemoteSwiftPackageReference "realm-swift" */ = {
			isa = XCRemoteSwiftPackageReference;
			repositoryURL = "https://github.com/realm/realm-swift.git";
			requirement = {
				kind = exactVersion;
				version = 10.54.3;
			};
		};
		EAF70C982D9563AF00ED7696 /* XCRemoteSwiftPackageReference "SkeletonView" */ = {
			isa = XCRemoteSwiftPackageReference;
			repositoryURL = "https://github.com/Juanpe/SkeletonView.git";
			requirement = {
				kind = upToNextMajorVersion;
				minimumVersion = 1.31.0;
			};
		};
		EAF70C9B2D9563C600ED7696 /* XCRemoteSwiftPackageReference "Toast-Swift" */ = {
			isa = XCRemoteSwiftPackageReference;
			repositoryURL = "https://github.com/scalessec/Toast-Swift.git";
			requirement = {
				kind = upToNextMajorVersion;
				minimumVersion = 5.1.1;
			};
		};
/* End XCRemoteSwiftPackageReference section */

/* Begin XCSwiftPackageProductDependency section */
		EA7521282D983F56006C1DCC /* RxDataSources */ = {
			isa = XCSwiftPackageProductDependency;
			package = EA7521272D983F56006C1DCC /* XCRemoteSwiftPackageReference "RxDataSources" */;
			productName = RxDataSources;
		};
		EAF70BA62D95628C00ED7696 /* SnapKit */ = {
			isa = XCSwiftPackageProductDependency;
			package = EAF70BA52D95628C00ED7696 /* XCRemoteSwiftPackageReference "SnapKit" */;
			productName = SnapKit;
		};
		EAF70BAC2D9562B600ED7696 /* RxCocoa */ = {
			isa = XCSwiftPackageProductDependency;
			package = EAF70BAB2D9562B600ED7696 /* XCRemoteSwiftPackageReference "RxSwift" */;
			productName = RxCocoa;
		};
		EAF70BAE2D9562B600ED7696 /* RxSwift */ = {
			isa = XCSwiftPackageProductDependency;
			package = EAF70BAB2D9562B600ED7696 /* XCRemoteSwiftPackageReference "RxSwift" */;
			productName = RxSwift;
		};
		EAF70BB12D9562BF00ED7696 /* RxFlow */ = {
			isa = XCSwiftPackageProductDependency;
			package = EAF70BB02D9562BF00ED7696 /* XCRemoteSwiftPackageReference "RxFlow" */;
			productName = RxFlow;
		};
		EAF70BB42D9562DC00ED7696 /* ReactorKit */ = {
			isa = XCSwiftPackageProductDependency;
			package = EAF70BB32D9562DC00ED7696 /* XCRemoteSwiftPackageReference "ReactorKit" */;
			productName = ReactorKit;
		};
		EAF70C962D95637B00ED7696 /* RealmSwift */ = {
			isa = XCSwiftPackageProductDependency;
			package = EAF70C952D95637A00ED7696 /* XCRemoteSwiftPackageReference "realm-swift" */;
			productName = RealmSwift;
		};
		EAF70C992D9563AF00ED7696 /* SkeletonView */ = {
			isa = XCSwiftPackageProductDependency;
			package = EAF70C982D9563AF00ED7696 /* XCRemoteSwiftPackageReference "SkeletonView" */;
			productName = SkeletonView;
		};
		EAF70C9C2D9563C600ED7696 /* Toast */ = {
			isa = XCSwiftPackageProductDependency;
			package = EAF70C9B2D9563C600ED7696 /* XCRemoteSwiftPackageReference "Toast-Swift" */;
			productName = Toast;
		};
/* End XCSwiftPackageProductDependency section */
	};
	rootObject = EAF70B432D9537CB00ED7696 /* Project object */;
}
