// !$*UTF8*$!
{
	archiveVersion = 1;
	classes = {
	};
	objectVersion = 77;
	objects = {

/* Begin PBXBuildFile section */
		9A37E42FC0EAC3855FF67094 /* Pods_Animori.framework in Frameworks */ = {isa = PBXBuildFile; fileRef = BE0A3F31F59C6147D001FF48 /* Pods_Animori.framework */; };
		EA18C7282DA98B56005EE80F /* RealmSwift in Frameworks */ = {isa = PBXBuildFile; productRef = EA18C7272DA98B56005EE80F /* RealmSwift */; };
		EA18C9A32DA9924C005EE80F /* FSPagerView.framework in Frameworks */ = {isa = PBXBuildFile; fileRef = EA18C9A22DA9924C005EE80F /* FSPagerView.framework */; };
		EA18C9A52DA99250005EE80F /* Floaty.framework in Frameworks */ = {isa = PBXBuildFile; fileRef = EA18C9A42DA99250005EE80F /* Floaty.framework */; };
		EAB455F22DA93A1F0087CC28 /* ReactorKit in Frameworks */ = {isa = PBXBuildFile; productRef = EAB455F12DA93A1F0087CC28 /* ReactorKit */; };
		EAB456002DA93AA30087CC28 /* RxDataSources in Frameworks */ = {isa = PBXBuildFile; productRef = EAB455FF2DA93AA30087CC28 /* RxDataSources */; };
		EAB458802DA96CCA0087CC28 /* Toast in Frameworks */ = {isa = PBXBuildFile; productRef = EAB4587F2DA96CCA0087CC28 /* Toast */; };
		EAB458942DA97FEB0087CC28 /* SnapKit in Frameworks */ = {isa = PBXBuildFile; productRef = EAB458932DA97FEB0087CC28 /* SnapKit */; };
		EAB5F7AD2D981352000D1B38 /* Localizable.xcstrings in Resources */ = {isa = PBXBuildFile; fileRef = EAB5F7AC2D981352000D1B38 /* Localizable.xcstrings */; };
		EAB722972D9B04F90066E803 /* RealmSwift in Embed Frameworks */ = {isa = PBXBuildFile; productRef = EAF70C962D95637B00ED7696 /* RealmSwift */; settings = {ATTRIBUTES = (CodeSignOnCopy, ); }; };
		EACEF1BD2DB7D34C00A60F4C /* WidgetKit.framework in Frameworks */ = {isa = PBXBuildFile; fileRef = EACEF18D2DB7B72F00A60F4C /* WidgetKit.framework */; };
		EACEF1BE2DB7D34C00A60F4C /* SwiftUI.framework in Frameworks */ = {isa = PBXBuildFile; fileRef = EACEF18F2DB7B73000A60F4C /* SwiftUI.framework */; };
		EACEF1C92DB7D34D00A60F4C /* AnimoriWidgetExtension.appex in Embed Foundation Extensions */ = {isa = PBXBuildFile; fileRef = EACEF1BC2DB7D34C00A60F4C /* AnimoriWidgetExtension.appex */; settings = {ATTRIBUTES = (RemoveHeadersOnCopy, ); }; };
		EACEF1E82DB8C54D00A60F4C /* FirebaseAnalyticsWithoutAdIdSupport in Frameworks */ = {isa = PBXBuildFile; productRef = EACEF1E72DB8C54D00A60F4C /* FirebaseAnalyticsWithoutAdIdSupport */; };
		EACEF1EA2DB8C54D00A60F4C /* FirebaseCrashlytics in Frameworks */ = {isa = PBXBuildFile; productRef = EACEF1E92DB8C54D00A60F4C /* FirebaseCrashlytics */; };
		EACEF1EC2DB8C54D00A60F4C /* FirebasePerformance in Frameworks */ = {isa = PBXBuildFile; productRef = EACEF1EB2DB8C54D00A60F4C /* FirebasePerformance */; };
		EAF70B742D95388400ED7696 /* .gitignore in Resources */ = {isa = PBXBuildFile; fileRef = EAF70B732D95388400ED7696 /* .gitignore */; };
		EAF70BAD2D9562B600ED7696 /* RxCocoa in Frameworks */ = {isa = PBXBuildFile; productRef = EAF70BAC2D9562B600ED7696 /* RxCocoa */; };
/* End PBXBuildFile section */

/* Begin PBXContainerItemProxy section */
		EACEF1C72DB7D34D00A60F4C /* PBXContainerItemProxy */ = {
			isa = PBXContainerItemProxy;
			containerPortal = EAF70B432D9537CB00ED7696 /* Project object */;
			proxyType = 1;
			remoteGlobalIDString = EACEF1BB2DB7D34C00A60F4C;
			remoteInfo = AnimoriWidgetExtension;
		};
/* End PBXContainerItemProxy section */

/* Begin PBXCopyFilesBuildPhase section */
		EAB722962D9B04F70066E803 /* Embed Frameworks */ = {
			isa = PBXCopyFilesBuildPhase;
			buildActionMask = 2147483647;
			dstPath = "";
			dstSubfolderSpec = 10;
			files = (
				EAB722972D9B04F90066E803 /* RealmSwift in Embed Frameworks */,
			);
			name = "Embed Frameworks";
			runOnlyForDeploymentPostprocessing = 0;
		};
		EACEF19C2DB7B73100A60F4C /* Embed Foundation Extensions */ = {
			isa = PBXCopyFilesBuildPhase;
			buildActionMask = 2147483647;
			dstPath = "";
			dstSubfolderSpec = 13;
			files = (
				EACEF1C92DB7D34D00A60F4C /* AnimoriWidgetExtension.appex in Embed Foundation Extensions */,
			);
			name = "Embed Foundation Extensions";
			runOnlyForDeploymentPostprocessing = 0;
		};
/* End PBXCopyFilesBuildPhase section */

/* Begin PBXFileReference section */
		BE0A3F31F59C6147D001FF48 /* Pods_Animori.framework */ = {isa = PBXFileReference; explicitFileType = wrapper.framework; includeInIndex = 0; path = Pods_Animori.framework; sourceTree = BUILT_PRODUCTS_DIR; };
		EA18C9A22DA9924C005EE80F /* FSPagerView.framework */ = {isa = PBXFileReference; explicitFileType = wrapper.framework; path = FSPagerView.framework; sourceTree = BUILT_PRODUCTS_DIR; };
		EA18C9A42DA99250005EE80F /* Floaty.framework */ = {isa = PBXFileReference; explicitFileType = wrapper.framework; path = Floaty.framework; sourceTree = BUILT_PRODUCTS_DIR; };
		EAB5F7AC2D981352000D1B38 /* Localizable.xcstrings */ = {isa = PBXFileReference; lastKnownFileType = text.json.xcstrings; path = Localizable.xcstrings; sourceTree = "<group>"; };
		EAB71EA52D9A8A630066E803 /* Debug.xcconfig */ = {isa = PBXFileReference; lastKnownFileType = text.xcconfig; path = Debug.xcconfig; sourceTree = "<group>"; };
		EAB71EA62D9A8A630066E803 /* Release.xcconfig */ = {isa = PBXFileReference; lastKnownFileType = text.xcconfig; path = Release.xcconfig; sourceTree = "<group>"; };
		EAB71EA72D9A8A630066E803 /* Secret.xcconfig */ = {isa = PBXFileReference; lastKnownFileType = text.xcconfig; path = Secret.xcconfig; sourceTree = "<group>"; };
		EACEF18D2DB7B72F00A60F4C /* WidgetKit.framework */ = {isa = PBXFileReference; lastKnownFileType = wrapper.framework; name = WidgetKit.framework; path = System/Library/Frameworks/WidgetKit.framework; sourceTree = SDKROOT; };
		EACEF18F2DB7B73000A60F4C /* SwiftUI.framework */ = {isa = PBXFileReference; lastKnownFileType = wrapper.framework; name = SwiftUI.framework; path = System/Library/Frameworks/SwiftUI.framework; sourceTree = SDKROOT; };
		EACEF1B12DB7C64900A60F4C /* AnimoriWidgetExtension.entitlements */ = {isa = PBXFileReference; lastKnownFileType = text.plist.entitlements; path = AnimoriWidgetExtension.entitlements; sourceTree = "<group>"; };
		EACEF1BC2DB7D34C00A60F4C /* AnimoriWidgetExtension.appex */ = {isa = PBXFileReference; explicitFileType = "wrapper.app-extension"; includeInIndex = 0; path = AnimoriWidgetExtension.appex; sourceTree = BUILT_PRODUCTS_DIR; };
		EAF70B4B2D9537CB00ED7696 /* Animori.app */ = {isa = PBXFileReference; explicitFileType = wrapper.application; includeInIndex = 0; path = Animori.app; sourceTree = BUILT_PRODUCTS_DIR; };
		EAF70B732D95388400ED7696 /* .gitignore */ = {isa = PBXFileReference; lastKnownFileType = text; path = .gitignore; sourceTree = "<group>"; };
/* End PBXFileReference section */

/* Begin PBXFileSystemSynchronizedBuildFileExceptionSet section */
		EACEF1CD2DB7D34D00A60F4C /* Exceptions for "AnimoriWidget" folder in "AnimoriWidgetExtension" target */ = {
			isa = PBXFileSystemSynchronizedBuildFileExceptionSet;
			membershipExceptions = (
				Info.plist,
			);
			target = EACEF1BB2DB7D34C00A60F4C /* AnimoriWidgetExtension */;
		};
		EACEF1D12DB7E08700A60F4C /* Exceptions for "AnimoriWidget" folder in "Animori" target */ = {
			isa = PBXFileSystemSynchronizedBuildFileExceptionSet;
			membershipExceptions = (
				AnimeRandomModel.swift,
			);
			target = EAF70B4A2D9537CB00ED7696 /* Animori */;
		};
		EAF70B5D2D9537CC00ED7696 /* Exceptions for "Animori" folder in "Animori" target */ = {
			isa = PBXFileSystemSynchronizedBuildFileExceptionSet;
			membershipExceptions = (
				Info.plist,
			);
			target = EAF70B4A2D9537CB00ED7696 /* Animori */;
		};
/* End PBXFileSystemSynchronizedBuildFileExceptionSet section */

/* Begin PBXFileSystemSynchronizedRootGroup section */
		EACEF1BF2DB7D34C00A60F4C /* AnimoriWidget */ = {
			isa = PBXFileSystemSynchronizedRootGroup;
			exceptions = (
				EACEF1D12DB7E08700A60F4C /* Exceptions for "AnimoriWidget" folder in "Animori" target */,
				EACEF1CD2DB7D34D00A60F4C /* Exceptions for "AnimoriWidget" folder in "AnimoriWidgetExtension" target */,
			);
			path = AnimoriWidget;
			sourceTree = "<group>";
		};
		EAF70B4D2D9537CB00ED7696 /* Animori */ = {
			isa = PBXFileSystemSynchronizedRootGroup;
			exceptions = (
				EAF70B5D2D9537CC00ED7696 /* Exceptions for "Animori" folder in "Animori" target */,
			);
			path = Animori;
			sourceTree = "<group>";
		};
/* End PBXFileSystemSynchronizedRootGroup section */

/* Begin PBXFrameworksBuildPhase section */
		EACEF1B92DB7D34C00A60F4C /* Frameworks */ = {
			isa = PBXFrameworksBuildPhase;
			buildActionMask = 2147483647;
			files = (
				EACEF1BE2DB7D34C00A60F4C /* SwiftUI.framework in Frameworks */,
				EACEF1BD2DB7D34C00A60F4C /* WidgetKit.framework in Frameworks */,
			);
			runOnlyForDeploymentPostprocessing = 0;
		};
		EAF70B482D9537CB00ED7696 /* Frameworks */ = {
			isa = PBXFrameworksBuildPhase;
			buildActionMask = 2147483647;
			files = (
				EA18C9A52DA99250005EE80F /* Floaty.framework in Frameworks */,
				EACEF1E82DB8C54D00A60F4C /* FirebaseAnalyticsWithoutAdIdSupport in Frameworks */,
				EACEF1EC2DB8C54D00A60F4C /* FirebasePerformance in Frameworks */,
				EA18C9A32DA9924C005EE80F /* FSPagerView.framework in Frameworks */,
				EAB456002DA93AA30087CC28 /* RxDataSources in Frameworks */,
				EAB455F22DA93A1F0087CC28 /* ReactorKit in Frameworks */,
				EACEF1EA2DB8C54D00A60F4C /* FirebaseCrashlytics in Frameworks */,
				EA18C7282DA98B56005EE80F /* RealmSwift in Frameworks */,
				EAB458942DA97FEB0087CC28 /* SnapKit in Frameworks */,
				EAF70BAD2D9562B600ED7696 /* RxCocoa in Frameworks */,
				EAB458802DA96CCA0087CC28 /* Toast in Frameworks */,
				9A37E42FC0EAC3855FF67094 /* Pods_Animori.framework in Frameworks */,
			);
			runOnlyForDeploymentPostprocessing = 0;
		};
/* End PBXFrameworksBuildPhase section */

/* Begin PBXGroup section */
		68A06A4C0514896785BCBE0B /* Pods */ = {
			isa = PBXGroup;
			children = (
			);
			name = Pods;
			sourceTree = "<group>";
		};
		920A7D028342AA688A0DA042 /* Frameworks */ = {
			isa = PBXGroup;
			children = (
				EA18C9A42DA99250005EE80F /* Floaty.framework */,
				EA18C9A22DA9924C005EE80F /* FSPagerView.framework */,
				BE0A3F31F59C6147D001FF48 /* Pods_Animori.framework */,
				EACEF18D2DB7B72F00A60F4C /* WidgetKit.framework */,
				EACEF18F2DB7B73000A60F4C /* SwiftUI.framework */,
			);
			name = Frameworks;
			sourceTree = "<group>";
		};
		EAF70B422D9537CB00ED7696 = {
			isa = PBXGroup;
			children = (
				EACEF1B12DB7C64900A60F4C /* AnimoriWidgetExtension.entitlements */,
				EAB71EA52D9A8A630066E803 /* Debug.xcconfig */,
				EAB71EA62D9A8A630066E803 /* Release.xcconfig */,
				EAB71EA72D9A8A630066E803 /* Secret.xcconfig */,
				EAB5F7AC2D981352000D1B38 /* Localizable.xcstrings */,
				EAF70B732D95388400ED7696 /* .gitignore */,
				EAF70B4D2D9537CB00ED7696 /* Animori */,
				EACEF1BF2DB7D34C00A60F4C /* AnimoriWidget */,
				EAF70B4C2D9537CB00ED7696 /* Products */,
				920A7D028342AA688A0DA042 /* Frameworks */,
				68A06A4C0514896785BCBE0B /* Pods */,
			);
			sourceTree = "<group>";
		};
		EAF70B4C2D9537CB00ED7696 /* Products */ = {
			isa = PBXGroup;
			children = (
				EAF70B4B2D9537CB00ED7696 /* Animori.app */,
				EACEF1BC2DB7D34C00A60F4C /* AnimoriWidgetExtension.appex */,
			);
			name = Products;
			sourceTree = "<group>";
		};
/* End PBXGroup section */

/* Begin PBXNativeTarget section */
		EACEF1BB2DB7D34C00A60F4C /* AnimoriWidgetExtension */ = {
			isa = PBXNativeTarget;
			buildConfigurationList = EACEF1CA2DB7D34D00A60F4C /* Build configuration list for PBXNativeTarget "AnimoriWidgetExtension" */;
			buildPhases = (
				EACEF1B82DB7D34C00A60F4C /* Sources */,
				EACEF1B92DB7D34C00A60F4C /* Frameworks */,
				EACEF1BA2DB7D34C00A60F4C /* Resources */,
			);
			buildRules = (
			);
			dependencies = (
			);
			fileSystemSynchronizedGroups = (
				EACEF1BF2DB7D34C00A60F4C /* AnimoriWidget */,
			);
			name = AnimoriWidgetExtension;
			packageProductDependencies = (
			);
			productName = AnimoriWidgetExtension;
			productReference = EACEF1BC2DB7D34C00A60F4C /* AnimoriWidgetExtension.appex */;
			productType = "com.apple.product-type.app-extension";
		};
		EAF70B4A2D9537CB00ED7696 /* Animori */ = {
			isa = PBXNativeTarget;
			buildConfigurationList = EAF70B5E2D9537CC00ED7696 /* Build configuration list for PBXNativeTarget "Animori" */;
			buildPhases = (
				3F7960BEEB7718EE85FAA3AD /* [CP] Check Pods Manifest.lock */,
				EAF70B472D9537CB00ED7696 /* Sources */,
				EAF70B482D9537CB00ED7696 /* Frameworks */,
				EAF70B492D9537CB00ED7696 /* Resources */,
				EAB722962D9B04F70066E803 /* Embed Frameworks */,
				E6F30B61362720C9CAEEB1BC /* [CP] Embed Pods Frameworks */,
				3AD04C1168FF63A7E76912AA /* [CP] Copy Pods Resources */,
				EACEF19C2DB7B73100A60F4C /* Embed Foundation Extensions */,
				EACEF1ED2DB8C64400A60F4C /* ShellScript */,
			);
			buildRules = (
			);
			dependencies = (
				EACEF1C82DB7D34D00A60F4C /* PBXTargetDependency */,
			);
			fileSystemSynchronizedGroups = (
				EAF70B4D2D9537CB00ED7696 /* Animori */,
			);
			name = Animori;
			productName = Animori;
			productReference = EAF70B4B2D9537CB00ED7696 /* Animori.app */;
			productType = "com.apple.product-type.application";
		};
/* End PBXNativeTarget section */

/* Begin PBXProject section */
		EAF70B432D9537CB00ED7696 /* Project object */ = {
			isa = PBXProject;
			attributes = {
				BuildIndependentTargetsInParallel = 1;
				LastSwiftUpdateCheck = 1620;
				LastUpgradeCheck = 1620;
				TargetAttributes = {
					EACEF1BB2DB7D34C00A60F4C = {
						CreatedOnToolsVersion = 16.2;
					};
					EAF70B4A2D9537CB00ED7696 = {
						CreatedOnToolsVersion = 16.2;
					};
				};
			};
			buildConfigurationList = EAF70B462D9537CB00ED7696 /* Build configuration list for PBXProject "Animori" */;
			developmentRegion = en;
			hasScannedForEncodings = 0;
			knownRegions = (
				en,
				Base,
				ko,
				ja,
			);
			mainGroup = EAF70B422D9537CB00ED7696;
			minimizedProjectReferenceProxies = 1;
			packageReferences = (
				EAB455F02DA93A1F0087CC28 /* XCRemoteSwiftPackageReference "ReactorKit" */,
				EAB455FE2DA93AA30087CC28 /* XCRemoteSwiftPackageReference "RxDataSources" */,
				EAB4587E2DA96CCA0087CC28 /* XCRemoteSwiftPackageReference "Toast-Swift" */,
				EAB458922DA97FEB0087CC28 /* XCRemoteSwiftPackageReference "SnapKit" */,
				EA18C7262DA98B56005EE80F /* XCRemoteSwiftPackageReference "realm-swift" */,
				EACEF1E62DB8C54D00A60F4C /* XCRemoteSwiftPackageReference "firebase-ios-sdk" */,
			);
			preferredProjectObjectVersion = 77;
			productRefGroup = EAF70B4C2D9537CB00ED7696 /* Products */;
			projectDirPath = "";
			projectRoot = "";
			targets = (
				EAF70B4A2D9537CB00ED7696 /* Animori */,
				EACEF1BB2DB7D34C00A60F4C /* AnimoriWidgetExtension */,
			);
		};
/* End PBXProject section */

/* Begin PBXResourcesBuildPhase section */
		EACEF1BA2DB7D34C00A60F4C /* Resources */ = {
			isa = PBXResourcesBuildPhase;
			buildActionMask = 2147483647;
			files = (
			);
			runOnlyForDeploymentPostprocessing = 0;
		};
		EAF70B492D9537CB00ED7696 /* Resources */ = {
			isa = PBXResourcesBuildPhase;
			buildActionMask = 2147483647;
			files = (
				EAF70B742D95388400ED7696 /* .gitignore in Resources */,
				EAB5F7AD2D981352000D1B38 /* Localizable.xcstrings in Resources */,
			);
			runOnlyForDeploymentPostprocessing = 0;
		};
/* End PBXResourcesBuildPhase section */

/* Begin PBXShellScriptBuildPhase section */
		3AD04C1168FF63A7E76912AA /* [CP] Copy Pods Resources */ = {
			isa = PBXShellScriptBuildPhase;
			buildActionMask = 2147483647;
			files = (
			);
			inputFileListPaths = (
			);
			inputPaths = (
			);
			name = "[CP] Copy Pods Resources";
			outputFileListPaths = (
			);
			outputPaths = (
			);
			runOnlyForDeploymentPostprocessing = 0;
			shellPath = /bin/sh;
			shellScript = "\"${SRCROOT}/Pods/Target Support Files/Pods-Animori/Pods-Animori-resources.sh\"\n";
			showEnvVarsInLog = 0;
		};
		3F7960BEEB7718EE85FAA3AD /* [CP] Check Pods Manifest.lock */ = {
			isa = PBXShellScriptBuildPhase;
			buildActionMask = 2147483647;
			files = (
			);
			inputFileListPaths = (
			);
			inputPaths = (
				"${PODS_PODFILE_DIR_PATH}/Podfile.lock",
				"${PODS_ROOT}/Manifest.lock",
			);
			name = "[CP] Check Pods Manifest.lock";
			outputFileListPaths = (
			);
			outputPaths = (
				"$(DERIVED_FILE_DIR)/Pods-Animori-checkManifestLockResult.txt",
			);
			runOnlyForDeploymentPostprocessing = 0;
			shellPath = /bin/sh;
			shellScript = "diff \"${PODS_PODFILE_DIR_PATH}/Podfile.lock\" \"${PODS_ROOT}/Manifest.lock\" > /dev/null\nif [ $? != 0 ] ; then\n    # print error to STDERR\n    echo \"error: The sandbox is not in sync with the Podfile.lock. Run 'pod install' or update your CocoaPods installation.\" >&2\n    exit 1\nfi\n# This output is used by Xcode 'outputs' to avoid re-running this script phase.\necho \"SUCCESS\" > \"${SCRIPT_OUTPUT_FILE_0}\"\n";
			showEnvVarsInLog = 0;
		};
		E6F30B61362720C9CAEEB1BC /* [CP] Embed Pods Frameworks */ = {
			isa = PBXShellScriptBuildPhase;
			buildActionMask = 2147483647;
			files = (
			);
			inputFileListPaths = (
			);
			inputPaths = (
				"${SRCROOT}/Pods/Target Support Files/Pods-Animori/Pods-Animori-frameworks.sh",
			);
			name = "[CP] Embed Pods Frameworks";
			outputFileListPaths = (
			);
			outputPaths = (
			);
			runOnlyForDeploymentPostprocessing = 0;
			shellPath = /bin/sh;
			shellScript = "\"${SRCROOT}/Pods/Target Support Files/Pods-Animori/Pods-Animori-frameworks.sh\"\n";
			showEnvVarsInLog = 0;
		};
		EACEF1ED2DB8C64400A60F4C /* ShellScript */ = {
			isa = PBXShellScriptBuildPhase;
			buildActionMask = 2147483647;
			files = (
			);
			inputFileListPaths = (
			);
			inputPaths = (
				"${DWARF_DSYM_FOLDER_PATH}/${DWARF_DSYM_FILE_NAME}",
				"${DWARF_DSYM_FOLDER_PATH}/${DWARF_DSYM_FILE_NAME}/Contents/Resources/DWARF/${PRODUCT_NAME}",
				"${DWARF_DSYM_FOLDER_PATH}/${DWARF_DSYM_FILE_NAME}/Contents/Info.plist",
				"$(TARGET_BUILD_DIR)/$(UNLOCALIZED_RESOURCES_FOLDER_PATH)/GoogleService-Info.plist",
				"$(TARGET_BUILD_DIR)/$(EXECUTABLE_PATH)",
			);
			outputFileListPaths = (
			);
			outputPaths = (
			);
			runOnlyForDeploymentPostprocessing = 0;
			shellPath = /bin/sh;
			shellScript = "# Type a script or drag a script file from your workspace to insert its path.\n\"${BUILD_DIR%/Build/*}/SourcePackages/checkouts/firebase-ios-sdk/Crashlytics/run\"\n";
		};
/* End PBXShellScriptBuildPhase section */

/* Begin PBXSourcesBuildPhase section */
		EACEF1B82DB7D34C00A60F4C /* Sources */ = {
			isa = PBXSourcesBuildPhase;
			buildActionMask = 2147483647;
			files = (
			);
			runOnlyForDeploymentPostprocessing = 0;
		};
		EAF70B472D9537CB00ED7696 /* Sources */ = {
			isa = PBXSourcesBuildPhase;
			buildActionMask = 2147483647;
			files = (
			);
			runOnlyForDeploymentPostprocessing = 0;
		};
/* End PBXSourcesBuildPhase section */

/* Begin PBXTargetDependency section */
		EACEF1C82DB7D34D00A60F4C /* PBXTargetDependency */ = {
			isa = PBXTargetDependency;
			target = EACEF1BB2DB7D34C00A60F4C /* AnimoriWidgetExtension */;
			targetProxy = EACEF1C72DB7D34D00A60F4C /* PBXContainerItemProxy */;
		};
/* End PBXTargetDependency section */

/* Begin XCBuildConfiguration section */
		EACEF1CB2DB7D34D00A60F4C /* Debug */ = {
			isa = XCBuildConfiguration;
			buildSettings = {
				ASSETCATALOG_COMPILER_GLOBAL_ACCENT_COLOR_NAME = AccentColor;
				ASSETCATALOG_COMPILER_WIDGET_BACKGROUND_COLOR_NAME = WidgetBackground;
				CODE_SIGN_ENTITLEMENTS = AnimoriWidgetExtension.entitlements;
				CODE_SIGN_STYLE = Automatic;
				CURRENT_PROJECT_VERSION = 1;
				DEVELOPMENT_TEAM = 5S7XHWYU87;
				ENABLE_USER_SCRIPT_SANDBOXING = YES;
				GENERATE_INFOPLIST_FILE = YES;
				INFOPLIST_FILE = AnimoriWidget/Info.plist;
				INFOPLIST_KEY_CFBundleDisplayName = AnimoriWidget;
				INFOPLIST_KEY_NSHumanReadableCopyright = "";
				LD_RUNPATH_SEARCH_PATHS = (
					"$(inherited)",
					"@executable_path/Frameworks",
					"@executable_path/../../Frameworks",
				);
				MARKETING_VERSION = 1.0;
				PRODUCT_BUNDLE_IDENTIFIER = com.beani.Animori.AnimoriWidget;
				PRODUCT_NAME = "$(TARGET_NAME)";
				SKIP_INSTALL = YES;
				SWIFT_EMIT_LOC_STRINGS = YES;
				SWIFT_VERSION = 5.0;
				TARGETED_DEVICE_FAMILY = "1,2";
			};
			name = Debug;
		};
		EACEF1CC2DB7D34D00A60F4C /* Release */ = {
			isa = XCBuildConfiguration;
			buildSettings = {
				ASSETCATALOG_COMPILER_GLOBAL_ACCENT_COLOR_NAME = AccentColor;
				ASSETCATALOG_COMPILER_WIDGET_BACKGROUND_COLOR_NAME = WidgetBackground;
				CODE_SIGN_ENTITLEMENTS = AnimoriWidgetExtension.entitlements;
				CODE_SIGN_STYLE = Automatic;
				CURRENT_PROJECT_VERSION = 1;
				DEVELOPMENT_TEAM = 5S7XHWYU87;
				ENABLE_USER_SCRIPT_SANDBOXING = YES;
				GENERATE_INFOPLIST_FILE = YES;
				INFOPLIST_FILE = AnimoriWidget/Info.plist;
				INFOPLIST_KEY_CFBundleDisplayName = AnimoriWidget;
				INFOPLIST_KEY_NSHumanReadableCopyright = "";
				LD_RUNPATH_SEARCH_PATHS = (
					"$(inherited)",
					"@executable_path/Frameworks",
					"@executable_path/../../Frameworks",
				);
				MARKETING_VERSION = 1.0;
				PRODUCT_BUNDLE_IDENTIFIER = com.beani.Animori.AnimoriWidget;
				PRODUCT_NAME = "$(TARGET_NAME)";
				SKIP_INSTALL = YES;
				SWIFT_EMIT_LOC_STRINGS = YES;
				SWIFT_VERSION = 5.0;
				TARGETED_DEVICE_FAMILY = "1,2";
			};
			name = Release;
		};
		EAF70B5F2D9537CC00ED7696 /* Debug */ = {
			isa = XCBuildConfiguration;
			baseConfigurationReference = EAB71EA52D9A8A630066E803 /* Debug.xcconfig */;
			buildSettings = {
				ASSETCATALOG_COMPILER_APPICON_NAME = AppIcon;
				ASSETCATALOG_COMPILER_GLOBAL_ACCENT_COLOR_NAME = AccentColor;
				CODE_SIGN_ENTITLEMENTS = Animori/Animori.entitlements;
				CODE_SIGN_STYLE = Automatic;
				CURRENT_PROJECT_VERSION = 1;
				DEBUG_INFORMATION_FORMAT = "dwarf-with-dsym";
				DEVELOPMENT_TEAM = 5S7XHWYU87;
				GENERATE_INFOPLIST_FILE = YES;
				INFOPLIST_FILE = Animori/Info.plist;
				INFOPLIST_KEY_CFBundleDisplayName = "";
				INFOPLIST_KEY_LSApplicationCategoryType = "";
				INFOPLIST_KEY_UIApplicationSupportsIndirectInputEvents = YES;
				INFOPLIST_KEY_UILaunchStoryboardName = LaunchScreen;
				INFOPLIST_KEY_UISupportedInterfaceOrientations = UIInterfaceOrientationPortrait;
				INFOPLIST_KEY_UISupportedInterfaceOrientations_iPad = "UIInterfaceOrientationLandscapeLeft UIInterfaceOrientationLandscapeRight UIInterfaceOrientationPortrait UIInterfaceOrientationPortraitUpsideDown";
				IPHONEOS_DEPLOYMENT_TARGET = 17.4;
				LD_RUNPATH_SEARCH_PATHS = (
					"$(inherited)",
					"@executable_path/Frameworks",
				);
				MARKETING_VERSION = 1.0.4;
				PRODUCT_BUNDLE_IDENTIFIER = com.beani.Animori;
				PRODUCT_NAME = "$(TARGET_NAME)";
				SUPPORTED_PLATFORMS = "iphoneos iphonesimulator";
				SUPPORTS_MACCATALYST = NO;
				SUPPORTS_MAC_DESIGNED_FOR_IPHONE_IPAD = NO;
				SUPPORTS_XR_DESIGNED_FOR_IPHONE_IPAD = NO;
				SWIFT_EMIT_LOC_STRINGS = YES;
				SWIFT_VERSION = 5.0;
				TARGETED_DEVICE_FAMILY = 1;
			};
			name = Debug;
		};
		EAF70B602D9537CC00ED7696 /* Release */ = {
			isa = XCBuildConfiguration;
			baseConfigurationReference = EAB71EA62D9A8A630066E803 /* Release.xcconfig */;
			buildSettings = {
				ASSETCATALOG_COMPILER_APPICON_NAME = AppIcon;
				ASSETCATALOG_COMPILER_GLOBAL_ACCENT_COLOR_NAME = AccentColor;
				CODE_SIGN_ENTITLEMENTS = Animori/Animori.entitlements;
				CODE_SIGN_STYLE = Automatic;
				CURRENT_PROJECT_VERSION = 1;
				DEVELOPMENT_TEAM = 5S7XHWYU87;
				GENERATE_INFOPLIST_FILE = YES;
				INFOPLIST_FILE = Animori/Info.plist;
				INFOPLIST_KEY_CFBundleDisplayName = "";
				INFOPLIST_KEY_LSApplicationCategoryType = "";
				INFOPLIST_KEY_UIApplicationSupportsIndirectInputEvents = YES;
				INFOPLIST_KEY_UILaunchStoryboardName = LaunchScreen;
				INFOPLIST_KEY_UISupportedInterfaceOrientations = UIInterfaceOrientationPortrait;
				INFOPLIST_KEY_UISupportedInterfaceOrientations_iPad = "UIInterfaceOrientationLandscapeLeft UIInterfaceOrientationLandscapeRight UIInterfaceOrientationPortrait UIInterfaceOrientationPortraitUpsideDown";
				IPHONEOS_DEPLOYMENT_TARGET = 17.4;
				LD_RUNPATH_SEARCH_PATHS = (
					"$(inherited)",
					"@executable_path/Frameworks",
				);
				MARKETING_VERSION = 1.0.4;
				PRODUCT_BUNDLE_IDENTIFIER = com.beani.Animori;
				PRODUCT_NAME = "$(TARGET_NAME)";
				SUPPORTED_PLATFORMS = "iphoneos iphonesimulator";
				SUPPORTS_MACCATALYST = NO;
				SUPPORTS_MAC_DESIGNED_FOR_IPHONE_IPAD = NO;
				SUPPORTS_XR_DESIGNED_FOR_IPHONE_IPAD = NO;
				SWIFT_EMIT_LOC_STRINGS = YES;
				SWIFT_VERSION = 5.0;
				TARGETED_DEVICE_FAMILY = 1;
			};
			name = Release;
		};
		EAF70B612D9537CC00ED7696 /* Debug */ = {
			isa = XCBuildConfiguration;
			buildSettings = {
				ALWAYS_SEARCH_USER_PATHS = NO;
				ASSETCATALOG_COMPILER_GENERATE_SWIFT_ASSET_SYMBOL_EXTENSIONS = YES;
				CLANG_ANALYZER_LOCALIZABILITY_NONLOCALIZED = YES;
				CLANG_ANALYZER_NONNULL = YES;
				CLANG_ANALYZER_NUMBER_OBJECT_CONVERSION = YES_AGGRESSIVE;
				CLANG_CXX_LANGUAGE_STANDARD = "gnu++20";
				CLANG_ENABLE_MODULES = YES;
				CLANG_ENABLE_OBJC_ARC = YES;
				CLANG_ENABLE_OBJC_WEAK = YES;
				CLANG_WARN_BLOCK_CAPTURE_AUTORELEASING = YES;
				CLANG_WARN_BOOL_CONVERSION = YES;
				CLANG_WARN_COMMA = YES;
				CLANG_WARN_CONSTANT_CONVERSION = YES;
				CLANG_WARN_DEPRECATED_OBJC_IMPLEMENTATIONS = YES;
				CLANG_WARN_DIRECT_OBJC_ISA_USAGE = YES_ERROR;
				CLANG_WARN_DOCUMENTATION_COMMENTS = YES;
				CLANG_WARN_EMPTY_BODY = YES;
				CLANG_WARN_ENUM_CONVERSION = YES;
				CLANG_WARN_INFINITE_RECURSION = YES;
				CLANG_WARN_INT_CONVERSION = YES;
				CLANG_WARN_NON_LITERAL_NULL_CONVERSION = YES;
				CLANG_WARN_OBJC_IMPLICIT_RETAIN_SELF = YES;
				CLANG_WARN_OBJC_LITERAL_CONVERSION = YES;
				CLANG_WARN_OBJC_ROOT_CLASS = YES_ERROR;
				CLANG_WARN_QUOTED_INCLUDE_IN_FRAMEWORK_HEADER = YES;
				CLANG_WARN_RANGE_LOOP_ANALYSIS = YES;
				CLANG_WARN_STRICT_PROTOTYPES = YES;
				CLANG_WARN_SUSPICIOUS_MOVE = YES;
				CLANG_WARN_UNGUARDED_AVAILABILITY = YES_AGGRESSIVE;
				CLANG_WARN_UNREACHABLE_CODE = YES;
				CLANG_WARN__DUPLICATE_METHOD_MATCH = YES;
				COPY_PHASE_STRIP = NO;
				DEBUG_INFORMATION_FORMAT = dwarf;
				ENABLE_STRICT_OBJC_MSGSEND = YES;
				ENABLE_TESTABILITY = YES;
				ENABLE_USER_SCRIPT_SANDBOXING = NO;
				GCC_C_LANGUAGE_STANDARD = gnu17;
				GCC_DYNAMIC_NO_PIC = NO;
				GCC_NO_COMMON_BLOCKS = YES;
				GCC_OPTIMIZATION_LEVEL = 0;
				GCC_PREPROCESSOR_DEFINITIONS = (
					"DEBUG=1",
					"$(inherited)",
				);
				GCC_WARN_64_TO_32_BIT_CONVERSION = YES;
				GCC_WARN_ABOUT_RETURN_TYPE = YES_ERROR;
				GCC_WARN_UNDECLARED_SELECTOR = YES;
				GCC_WARN_UNINITIALIZED_AUTOS = YES_AGGRESSIVE;
				GCC_WARN_UNUSED_FUNCTION = YES;
				GCC_WARN_UNUSED_VARIABLE = YES;
				IPHONEOS_DEPLOYMENT_TARGET = 18.2;
				LOCALIZATION_PREFERS_STRING_CATALOGS = YES;
				MTL_ENABLE_DEBUG_INFO = INCLUDE_SOURCE;
				MTL_FAST_MATH = YES;
				ONLY_ACTIVE_ARCH = YES;
				SDKROOT = iphoneos;
				SWIFT_ACTIVE_COMPILATION_CONDITIONS = "DEBUG $(inherited)";
				SWIFT_EMIT_LOC_STRINGS = YES;
				SWIFT_OPTIMIZATION_LEVEL = "-Onone";
			};
			name = Debug;
		};
		EAF70B622D9537CC00ED7696 /* Release */ = {
			isa = XCBuildConfiguration;
			buildSettings = {
				ALWAYS_SEARCH_USER_PATHS = NO;
				ASSETCATALOG_COMPILER_GENERATE_SWIFT_ASSET_SYMBOL_EXTENSIONS = YES;
				CLANG_ANALYZER_LOCALIZABILITY_NONLOCALIZED = YES;
				CLANG_ANALYZER_NONNULL = YES;
				CLANG_ANALYZER_NUMBER_OBJECT_CONVERSION = YES_AGGRESSIVE;
				CLANG_CXX_LANGUAGE_STANDARD = "gnu++20";
				CLANG_ENABLE_MODULES = YES;
				CLANG_ENABLE_OBJC_ARC = YES;
				CLANG_ENABLE_OBJC_WEAK = YES;
				CLANG_WARN_BLOCK_CAPTURE_AUTORELEASING = YES;
				CLANG_WARN_BOOL_CONVERSION = YES;
				CLANG_WARN_COMMA = YES;
				CLANG_WARN_CONSTANT_CONVERSION = YES;
				CLANG_WARN_DEPRECATED_OBJC_IMPLEMENTATIONS = YES;
				CLANG_WARN_DIRECT_OBJC_ISA_USAGE = YES_ERROR;
				CLANG_WARN_DOCUMENTATION_COMMENTS = YES;
				CLANG_WARN_EMPTY_BODY = YES;
				CLANG_WARN_ENUM_CONVERSION = YES;
				CLANG_WARN_INFINITE_RECURSION = YES;
				CLANG_WARN_INT_CONVERSION = YES;
				CLANG_WARN_NON_LITERAL_NULL_CONVERSION = YES;
				CLANG_WARN_OBJC_IMPLICIT_RETAIN_SELF = YES;
				CLANG_WARN_OBJC_LITERAL_CONVERSION = YES;
				CLANG_WARN_OBJC_ROOT_CLASS = YES_ERROR;
				CLANG_WARN_QUOTED_INCLUDE_IN_FRAMEWORK_HEADER = YES;
				CLANG_WARN_RANGE_LOOP_ANALYSIS = YES;
				CLANG_WARN_STRICT_PROTOTYPES = YES;
				CLANG_WARN_SUSPICIOUS_MOVE = YES;
				CLANG_WARN_UNGUARDED_AVAILABILITY = YES_AGGRESSIVE;
				CLANG_WARN_UNREACHABLE_CODE = YES;
				CLANG_WARN__DUPLICATE_METHOD_MATCH = YES;
				COPY_PHASE_STRIP = NO;
				DEBUG_INFORMATION_FORMAT = "dwarf-with-dsym";
				ENABLE_NS_ASSERTIONS = NO;
				ENABLE_STRICT_OBJC_MSGSEND = YES;
				ENABLE_USER_SCRIPT_SANDBOXING = NO;
				GCC_C_LANGUAGE_STANDARD = gnu17;
				GCC_NO_COMMON_BLOCKS = YES;
				GCC_WARN_64_TO_32_BIT_CONVERSION = YES;
				GCC_WARN_ABOUT_RETURN_TYPE = YES_ERROR;
				GCC_WARN_UNDECLARED_SELECTOR = YES;
				GCC_WARN_UNINITIALIZED_AUTOS = YES_AGGRESSIVE;
				GCC_WARN_UNUSED_FUNCTION = YES;
				GCC_WARN_UNUSED_VARIABLE = YES;
				IPHONEOS_DEPLOYMENT_TARGET = 18.2;
				LOCALIZATION_PREFERS_STRING_CATALOGS = YES;
				MTL_ENABLE_DEBUG_INFO = NO;
				MTL_FAST_MATH = YES;
				SDKROOT = iphoneos;
				SWIFT_COMPILATION_MODE = wholemodule;
				SWIFT_EMIT_LOC_STRINGS = YES;
				VALIDATE_PRODUCT = YES;
			};
			name = Release;
		};
/* End XCBuildConfiguration section */

/* Begin XCConfigurationList section */
		EACEF1CA2DB7D34D00A60F4C /* Build configuration list for PBXNativeTarget "AnimoriWidgetExtension" */ = {
			isa = XCConfigurationList;
			buildConfigurations = (
				EACEF1CB2DB7D34D00A60F4C /* Debug */,
				EACEF1CC2DB7D34D00A60F4C /* Release */,
			);
			defaultConfigurationIsVisible = 0;
			defaultConfigurationName = Release;
		};
		EAF70B462D9537CB00ED7696 /* Build configuration list for PBXProject "Animori" */ = {
			isa = XCConfigurationList;
			buildConfigurations = (
				EAF70B612D9537CC00ED7696 /* Debug */,
				EAF70B622D9537CC00ED7696 /* Release */,
			);
			defaultConfigurationIsVisible = 0;
			defaultConfigurationName = Release;
		};
		EAF70B5E2D9537CC00ED7696 /* Build configuration list for PBXNativeTarget "Animori" */ = {
			isa = XCConfigurationList;
			buildConfigurations = (
				EAF70B5F2D9537CC00ED7696 /* Debug */,
				EAF70B602D9537CC00ED7696 /* Release */,
			);
			defaultConfigurationIsVisible = 0;
			defaultConfigurationName = Release;
		};
/* End XCConfigurationList section */

/* Begin XCRemoteSwiftPackageReference section */
		EA18C7262DA98B56005EE80F /* XCRemoteSwiftPackageReference "realm-swift" */ = {
			isa = XCRemoteSwiftPackageReference;
			repositoryURL = "https://github.com/realm/realm-swift.git";
			requirement = {
				kind = exactVersion;
				version = 10.54.4;
			};
		};
		EAB455F02DA93A1F0087CC28 /* XCRemoteSwiftPackageReference "ReactorKit" */ = {
			isa = XCRemoteSwiftPackageReference;
			repositoryURL = "https://github.com/ReactorKit/ReactorKit.git";
			requirement = {
				kind = upToNextMajorVersion;
				minimumVersion = 3.2.0;
			};
		};
		EAB455FE2DA93AA30087CC28 /* XCRemoteSwiftPackageReference "RxDataSources" */ = {
			isa = XCRemoteSwiftPackageReference;
			repositoryURL = "https://github.com/RxSwiftCommunity/RxDataSources.git";
			requirement = {
				kind = upToNextMajorVersion;
				minimumVersion = 5.0.2;
			};
		};
		EAB4587E2DA96CCA0087CC28 /* XCRemoteSwiftPackageReference "Toast-Swift" */ = {
			isa = XCRemoteSwiftPackageReference;
			repositoryURL = "https://github.com/scalessec/Toast-Swift.git";
			requirement = {
				kind = upToNextMajorVersion;
				minimumVersion = 5.1.1;
			};
		};
		EAB458922DA97FEB0087CC28 /* XCRemoteSwiftPackageReference "SnapKit" */ = {
			isa = XCRemoteSwiftPackageReference;
			repositoryURL = "https://github.com/SnapKit/SnapKit.git";
			requirement = {
				kind = upToNextMajorVersion;
				minimumVersion = 5.7.1;
			};
		};
		EACEF1E62DB8C54D00A60F4C /* XCRemoteSwiftPackageReference "firebase-ios-sdk" */ = {
			isa = XCRemoteSwiftPackageReference;
			repositoryURL = "https://github.com/firebase/firebase-ios-sdk";
			requirement = {
				kind = upToNextMajorVersion;
				minimumVersion = 11.12.0;
			};
		};
		EAF70BAB2D9562B600ED7696 /* XCRemoteSwiftPackageReference "RxSwift" */ = {
			isa = XCRemoteSwiftPackageReference;
			repositoryURL = "https://github.com/ReactiveX/RxSwift.git";
			requirement = {
				kind = upToNextMajorVersion;
				minimumVersion = 6.9.0;
			};
		};
		EAF70C952D95637A00ED7696 /* XCRemoteSwiftPackageReference "realm-swift" */ = {
			isa = XCRemoteSwiftPackageReference;
			repositoryURL = "https://github.com/realm/realm-swift.git";
			requirement = {
				kind = exactVersion;
				version = 10.54.3;
			};
		};
/* End XCRemoteSwiftPackageReference section */

/* Begin XCSwiftPackageProductDependency section */
		EA18C7272DA98B56005EE80F /* RealmSwift */ = {
			isa = XCSwiftPackageProductDependency;
			package = EA18C7262DA98B56005EE80F /* XCRemoteSwiftPackageReference "realm-swift" */;
			productName = RealmSwift;
		};
		EAB455F12DA93A1F0087CC28 /* ReactorKit */ = {
			isa = XCSwiftPackageProductDependency;
			package = EAB455F02DA93A1F0087CC28 /* XCRemoteSwiftPackageReference "ReactorKit" */;
			productName = ReactorKit;
		};
		EAB455FF2DA93AA30087CC28 /* RxDataSources */ = {
			isa = XCSwiftPackageProductDependency;
			package = EAB455FE2DA93AA30087CC28 /* XCRemoteSwiftPackageReference "RxDataSources" */;
			productName = RxDataSources;
		};
		EAB4587F2DA96CCA0087CC28 /* Toast */ = {
			isa = XCSwiftPackageProductDependency;
			package = EAB4587E2DA96CCA0087CC28 /* XCRemoteSwiftPackageReference "Toast-Swift" */;
			productName = Toast;
		};
		EAB458932DA97FEB0087CC28 /* SnapKit */ = {
			isa = XCSwiftPackageProductDependency;
			package = EAB458922DA97FEB0087CC28 /* XCRemoteSwiftPackageReference "SnapKit" */;
			productName = SnapKit;
		};
		EACEF1E72DB8C54D00A60F4C /* FirebaseAnalyticsWithoutAdIdSupport */ = {
			isa = XCSwiftPackageProductDependency;
			package = EACEF1E62DB8C54D00A60F4C /* XCRemoteSwiftPackageReference "firebase-ios-sdk" */;
			productName = FirebaseAnalyticsWithoutAdIdSupport;
		};
		EACEF1E92DB8C54D00A60F4C /* FirebaseCrashlytics */ = {
			isa = XCSwiftPackageProductDependency;
			package = EACEF1E62DB8C54D00A60F4C /* XCRemoteSwiftPackageReference "firebase-ios-sdk" */;
			productName = FirebaseCrashlytics;
		};
		EACEF1EB2DB8C54D00A60F4C /* FirebasePerformance */ = {
			isa = XCSwiftPackageProductDependency;
			package = EACEF1E62DB8C54D00A60F4C /* XCRemoteSwiftPackageReference "firebase-ios-sdk" */;
			productName = FirebasePerformance;
		};
		EAF70BAC2D9562B600ED7696 /* RxCocoa */ = {
			isa = XCSwiftPackageProductDependency;
			package = EAF70BAB2D9562B600ED7696 /* XCRemoteSwiftPackageReference "RxSwift" */;
			productName = RxCocoa;
		};
		EAF70C962D95637B00ED7696 /* RealmSwift */ = {
			isa = XCSwiftPackageProductDependency;
			package = EAF70C952D95637A00ED7696 /* XCRemoteSwiftPackageReference "realm-swift" */;
			productName = RealmSwift;
		};
/* End XCSwiftPackageProductDependency section */
	};
	rootObject = EAF70B432D9537CB00ED7696 /* Project object */;
}
